
Microsoft Visual Studio Solution File, Format Version 12.00
# Visual Studio Version 16
VisualStudioVersion = 16.0.29806.167
MinimumVisualStudioVersion = 10.0.40219.1
Project("{9A19103F-16F7-4668-BE54-9A1E7A4F7556}") = "VehicleDealer.Web", "VehicleDealer.Web\VehicleDealer.Web.csproj", "{D7CCA13E-0CA0-428E-A183-88FC99458F29}"
EndProject
Global
	GlobalSection(SolutionConfigurationPlatforms) = preSolution
		Debug|Any CPU = Debug|Any CPU
		Release|Any CPU = Release|Any CPU
	EndGlobalSection
	GlobalSection(ProjectConfigurationPlatforms) = postSolution
		{D7CCA13E-0CA0-428E-A183-88FC99458F29}.Debug|Any CPU.ActiveCfg = Debug|Any CPU
		{D7CCA13E-0CA0-428E-A183-88FC99458F29}.Debug|Any CPU.Build.0 = Debug|Any CPU
		{D7CCA13E-0CA0-428E-A183-88FC99458F29}.Release|Any CPU.ActiveCfg = Release|Any CPU
		{D7CCA13E-0CA0-428E-A183-88FC99458F29}.Release|Any CPU.Build.0 = Release|Any CPU
	EndGlobalSection
	GlobalSection(SolutionProperties) = preSolution
		HideSolutionNode = FALSE
	EndGlobalSection
	GlobalSection(ExtensibilityGlobals) = postSolution
		SolutionGuid = {98E981EA-1269-44DC-B2A8-085E598DDD9B}
	EndGlobalSection
EndGlobal
